
Microsoft Visual Studio Solution File, Format Version 11.00
# Visual Studio 2010
Project("{FAE04EC0-301F-11D3-BF4B-00C04F79EFBC}") = "ImportingData_Project", "ImportingData_Project\ImportingData_Project.csproj", "{629DBB4A-A248-4364-8B2E-EE9012817735}"
EndProject
Global
	GlobalSection(SolutionConfigurationPlatforms) = preSolution
		Debug|x86 = Debug|x86
		Release|x86 = Release|x86
	EndGlobalSection
	GlobalSection(ProjectConfigurationPlatforms) = postSolution
		{629DBB4A-A248-4364-8B2E-EE9012817735}.Debug|x86.ActiveCfg = Debug|x86
		{629DBB4A-A248-4364-8B2E-EE9012817735}.Debug|x86.Build.0 = Debug|x86
		{629DBB4A-A248-4364-8B2E-EE9012817735}.Release|x86.ActiveCfg = Release|x86
		{629DBB4A-A248-4364-8B2E-EE9012817735}.Release|x86.Build.0 = Release|x86
	EndGlobalSection
	GlobalSection(SolutionProperties) = preSolution
		HideSolutionNode = FALSE
	EndGlobalSection
EndGlobal
